
Microsoft Visual Studio Solution File, Format Version 12.00
# Visual Studio 14
VisualStudioVersion = 14.0.25420.1
MinimumVisualStudioVersion = 10.0.40219.1
Project("{8BC9CEB8-8B4A-11D0-8D11-00A0C91BC942}") = "PDF++", "PDF++\PDF++.vcxproj", "{82662CB5-E986-4EC4-954B-7DC736778F4C}"
	ProjectSection(ProjectDependencies) = postProject
		{A8AC551A-4B9D-436F-A950-F3493F97B059} = {A8AC551A-4B9D-436F-A950-F3493F97B059}
		{745DEC58-EBB3-47A9-A9B8-4C6627C01BF8} = {745DEC58-EBB3-47A9-A9B8-4C6627C01BF8}
	EndProjectSection
EndProject
Project("{8BC9CEB8-8B4A-11D0-8D11-00A0C91BC942}") = "TestLib", "TestLib\TestLib.vcxproj", "{C1FF4B3E-5ECD-4C8D-AD92-3B5A664617E0}"
	ProjectSection(ProjectDependencies) = postProject
		{82662CB5-E986-4EC4-954B-7DC736778F4C} = {82662CB5-E986-4EC4-954B-7DC736778F4C}
	EndProjectSection
EndProject
Project("{2150E333-8FDC-42A3-9474-1A3956D46DE8}") = "Solution Items", "Solution Items", "{75CD6FA7-EFD5-41E1-9AFA-86183D7BB925}"
	ProjectSection(SolutionItems) = preProject
		LICENSE = LICENSE
		Local.testsettings = Local.testsettings
		PDF++.vsmdi = PDF++.vsmdi
		TraceAndTestImpact.testsettings = TraceAndTestImpact.testsettings
	EndProjectSection
EndProject
Project("{8BC9CEB8-8B4A-11D0-8D11-00A0C91BC942}") = "zlib", "third-party\zlib-1.2.10\contrib\vstudio\vc14\zlib.vcxproj", "{745DEC58-EBB3-47A9-A9B8-4C6627C01BF8}"
EndProject
Project("{8BC9CEB8-8B4A-11D0-8D11-00A0C91BC942}") = "LibTiffWin", "third-party\tiff-4.0.3\libtiff\LibTiffWin.vcxproj", "{A8AC551A-4B9D-436F-A950-F3493F97B059}"
EndProject
Project("{8BC9CEB8-8B4A-11D0-8D11-00A0C91BC942}") = "PdfUWP", "PdfUWP\PdfUWP.vcxproj", "{83607859-088E-49A5-8975-ABD67AA38B23}"
	ProjectSection(ProjectDependencies) = postProject
		{82662CB5-E986-4EC4-954B-7DC736778F4C} = {82662CB5-E986-4EC4-954B-7DC736778F4C}
	EndProjectSection
EndProject
Project("{2150E333-8FDC-42A3-9474-1A3956D46DE8}") = "ThirdParty", "ThirdParty", "{1CC6AA49-1C0F-41E6-BA89-7D64FC6E1A4E}"
EndProject
Global
	GlobalSection(SolutionConfigurationPlatforms) = preSolution
		Debug NMAKE|Any CPU = Debug NMAKE|Any CPU
		Debug NMAKE|ARM = Debug NMAKE|ARM
		Debug NMAKE|Itanium = Debug NMAKE|Itanium
		Debug NMAKE|Win32 = Debug NMAKE|Win32
		Debug NMAKE|x64 = Debug NMAKE|x64
		Debug|Any CPU = Debug|Any CPU
		Debug|ARM = Debug|ARM
		Debug|Itanium = Debug|Itanium
		Debug|Win32 = Debug|Win32
		Debug|x64 = Debug|x64
		DebugDLL|Any CPU = DebugDLL|Any CPU
		DebugDLL|ARM = DebugDLL|ARM
		DebugDLL|Itanium = DebugDLL|Itanium
		DebugDLL|Win32 = DebugDLL|Win32
		DebugDLL|x64 = DebugDLL|x64
		Release  NMAKE|Any CPU = Release  NMAKE|Any CPU
		Release  NMAKE|ARM = Release  NMAKE|ARM
		Release  NMAKE|Itanium = Release  NMAKE|Itanium
		Release  NMAKE|Win32 = Release  NMAKE|Win32
		Release  NMAKE|x64 = Release  NMAKE|x64
		Release|Any CPU = Release|Any CPU
		Release|ARM = Release|ARM
		Release|Itanium = Release|Itanium
		Release|Win32 = Release|Win32
		Release|x64 = Release|x64
		ReleaseDLL|Any CPU = ReleaseDLL|Any CPU
		ReleaseDLL|ARM = ReleaseDLL|ARM
		ReleaseDLL|Itanium = ReleaseDLL|Itanium
		ReleaseDLL|Win32 = ReleaseDLL|Win32
		ReleaseDLL|x64 = ReleaseDLL|x64
		ReleaseWithoutAsm|Any CPU = ReleaseWithoutAsm|Any CPU
		ReleaseWithoutAsm|ARM = ReleaseWithoutAsm|ARM
		ReleaseWithoutAsm|Itanium = ReleaseWithoutAsm|Itanium
		ReleaseWithoutAsm|Win32 = ReleaseWithoutAsm|Win32
		ReleaseWithoutAsm|x64 = ReleaseWithoutAsm|x64
	EndGlobalSection
	GlobalSection(ProjectConfigurationPlatforms) = postSolution
		{82662CB5-E986-4EC4-954B-7DC736778F4C}.Debug NMAKE|Any CPU.ActiveCfg = ReleaseDLL|Win32
		{82662CB5-E986-4EC4-954B-7DC736778F4C}.Debug NMAKE|Any CPU.Build.0 = ReleaseDLL|Win32
		{82662CB5-E986-4EC4-954B-7DC736778F4C}.Debug NMAKE|ARM.ActiveCfg = ReleaseDLL|Win32
		{82662CB5-E986-4EC4-954B-7DC736778F4C}.Debug NMAKE|ARM.Build.0 = ReleaseDLL|Win32
		{82662CB5-E986-4EC4-954B-7DC736778F4C}.Debug NMAKE|Itanium.ActiveCfg = Release|Win32
		{82662CB5-E986-4EC4-954B-7DC736778F4C}.Debug NMAKE|Itanium.Build.0 = Release|Win32
		{82662CB5-E986-4EC4-954B-7DC736778F4C}.Debug NMAKE|Win32.ActiveCfg = Debug|Win32
		{82662CB5-E986-4EC4-954B-7DC736778F4C}.Debug NMAKE|Win32.Build.0 = Debug|Win32
		{82662CB5-E986-4EC4-954B-7DC736778F4C}.Debug NMAKE|x64.ActiveCfg = Release|Win32
		{82662CB5-E986-4EC4-954B-7DC736778F4C}.Debug NMAKE|x64.Build.0 = Release|Win32
		{82662CB5-E986-4EC4-954B-7DC736778F4C}.Debug|Any CPU.ActiveCfg = Debug|Win32
		{82662CB5-E986-4EC4-954B-7DC736778F4C}.Debug|ARM.ActiveCfg = Debug|Win32
		{82662CB5-E986-4EC4-954B-7DC736778F4C}.Debug|Itanium.ActiveCfg = Debug|Win32
		{82662CB5-E986-4EC4-954B-7DC736778F4C}.Debug|Win32.ActiveCfg = Debug|Win32
		{82662CB5-E986-4EC4-954B-7DC736778F4C}.Debug|Win32.Build.0 = Debug|Win32
		{82662CB5-E986-4EC4-954B-7DC736778F4C}.Debug|x64.ActiveCfg = Debug|Win32
		{82662CB5-E986-4EC4-954B-7DC736778F4C}.DebugDLL|Any CPU.ActiveCfg = DebugDLL|Win32
		{82662CB5-E986-4EC4-954B-7DC736778F4C}.DebugDLL|ARM.ActiveCfg = DebugDLL|Win32
		{82662CB5-E986-4EC4-954B-7DC736778F4C}.DebugDLL|Itanium.ActiveCfg = DebugDLL|Win32
		{82662CB5-E986-4EC4-954B-7DC736778F4C}.DebugDLL|Win32.ActiveCfg = DebugDLL|Win32
		{82662CB5-E986-4EC4-954B-7DC736778F4C}.DebugDLL|Win32.Build.0 = DebugDLL|Win32
		{82662CB5-E986-4EC4-954B-7DC736778F4C}.DebugDLL|x64.ActiveCfg = DebugDLL|Win32
		{82662CB5-E986-4EC4-954B-7DC736778F4C}.Release  NMAKE|Any CPU.ActiveCfg = ReleaseDLL|Win32
		{82662CB5-E986-4EC4-954B-7DC736778F4C}.Release  NMAKE|Any CPU.Build.0 = ReleaseDLL|Win32
		{82662CB5-E986-4EC4-954B-7DC736778F4C}.Release  NMAKE|ARM.ActiveCfg = ReleaseDLL|Win32
		{82662CB5-E986-4EC4-954B-7DC736778F4C}.Release  NMAKE|ARM.Build.0 = ReleaseDLL|Win32
		{82662CB5-E986-4EC4-954B-7DC736778F4C}.Release  NMAKE|Itanium.ActiveCfg = Release|Win32
		{82662CB5-E986-4EC4-954B-7DC736778F4C}.Release  NMAKE|Itanium.Build.0 = Release|Win32
		{82662CB5-E986-4EC4-954B-7DC736778F4C}.Release  NMAKE|Win32.ActiveCfg = Release|Win32
		{82662CB5-E986-4EC4-954B-7DC736778F4C}.Release  NMAKE|Win32.Build.0 = Release|Win32
		{82662CB5-E986-4EC4-954B-7DC736778F4C}.Release  NMAKE|x64.ActiveCfg = Release|Win32
		{82662CB5-E986-4EC4-954B-7DC736778F4C}.Release  NMAKE|x64.Build.0 = Release|Win32
		{82662CB5-E986-4EC4-954B-7DC736778F4C}.Release|Any CPU.ActiveCfg = Release|Win32
		{82662CB5-E986-4EC4-954B-7DC736778F4C}.Release|ARM.ActiveCfg = Release|Win32
		{82662CB5-E986-4EC4-954B-7DC736778F4C}.Release|Itanium.ActiveCfg = Release|Win32
		{82662CB5-E986-4EC4-954B-7DC736778F4C}.Release|Win32.ActiveCfg = Release|Win32
		{82662CB5-E986-4EC4-954B-7DC736778F4C}.Release|Win32.Build.0 = Release|Win32
		{82662CB5-E986-4EC4-954B-7DC736778F4C}.Release|x64.ActiveCfg = Release|Win32
		{82662CB5-E986-4EC4-954B-7DC736778F4C}.ReleaseDLL|Any CPU.ActiveCfg = ReleaseDLL|Win32
		{82662CB5-E986-4EC4-954B-7DC736778F4C}.ReleaseDLL|ARM.ActiveCfg = ReleaseDLL|Win32
		{82662CB5-E986-4EC4-954B-7DC736778F4C}.ReleaseDLL|Itanium.ActiveCfg = ReleaseDLL|Win32
		{82662CB5-E986-4EC4-954B-7DC736778F4C}.ReleaseDLL|Win32.ActiveCfg = ReleaseDLL|Win32
		{82662CB5-E986-4EC4-954B-7DC736778F4C}.ReleaseDLL|Win32.Build.0 = ReleaseDLL|Win32
		{82662CB5-E986-4EC4-954B-7DC736778F4C}.ReleaseDLL|x64.ActiveCfg = ReleaseDLL|Win32
		{82662CB5-E986-4EC4-954B-7DC736778F4C}.ReleaseWithoutAsm|Any CPU.ActiveCfg = ReleaseDLL|Win32
		{82662CB5-E986-4EC4-954B-7DC736778F4C}.ReleaseWithoutAsm|Any CPU.Build.0 = ReleaseDLL|Win32
		{82662CB5-E986-4EC4-954B-7DC736778F4C}.ReleaseWithoutAsm|ARM.ActiveCfg = ReleaseDLL|Win32
		{82662CB5-E986-4EC4-954B-7DC736778F4C}.ReleaseWithoutAsm|ARM.Build.0 = ReleaseDLL|Win32
		{82662CB5-E986-4EC4-954B-7DC736778F4C}.ReleaseWithoutAsm|Itanium.ActiveCfg = Release|Win32
		{82662CB5-E986-4EC4-954B-7DC736778F4C}.ReleaseWithoutAsm|Itanium.Build.0 = Release|Win32
		{82662CB5-E986-4EC4-954B-7DC736778F4C}.ReleaseWithoutAsm|Win32.ActiveCfg = Release|Win32
		{82662CB5-E986-4EC4-954B-7DC736778F4C}.ReleaseWithoutAsm|Win32.Build.0 = Release|Win32
		{82662CB5-E986-4EC4-954B-7DC736778F4C}.ReleaseWithoutAsm|x64.ActiveCfg = Release|Win32
		{82662CB5-E986-4EC4-954B-7DC736778F4C}.ReleaseWithoutAsm|x64.Build.0 = Release|Win32
		{C1FF4B3E-5ECD-4C8D-AD92-3B5A664617E0}.Debug NMAKE|Any CPU.ActiveCfg = Debug|Win32
		{C1FF4B3E-5ECD-4C8D-AD92-3B5A664617E0}.Debug NMAKE|Any CPU.Build.0 = Debug|Win32
		{C1FF4B3E-5ECD-4C8D-AD92-3B5A664617E0}.Debug NMAKE|ARM.ActiveCfg = Debug|Win32
		{C1FF4B3E-5ECD-4C8D-AD92-3B5A664617E0}.Debug NMAKE|ARM.Build.0 = Debug|Win32
		{C1FF4B3E-5ECD-4C8D-AD92-3B5A664617E0}.Debug NMAKE|Itanium.ActiveCfg = Release|Win32
		{C1FF4B3E-5ECD-4C8D-AD92-3B5A664617E0}.Debug NMAKE|Itanium.Build.0 = Release|Win32
		{C1FF4B3E-5ECD-4C8D-AD92-3B5A664617E0}.Debug NMAKE|Win32.ActiveCfg = Debug|Win32
		{C1FF4B3E-5ECD-4C8D-AD92-3B5A664617E0}.Debug NMAKE|Win32.Build.0 = Debug|Win32
		{C1FF4B3E-5ECD-4C8D-AD92-3B5A664617E0}.Debug NMAKE|x64.ActiveCfg = Release|Win32
		{C1FF4B3E-5ECD-4C8D-AD92-3B5A664617E0}.Debug NMAKE|x64.Build.0 = Release|Win32
		{C1FF4B3E-5ECD-4C8D-AD92-3B5A664617E0}.Debug|Any CPU.ActiveCfg = Debug|Win32
		{C1FF4B3E-5ECD-4C8D-AD92-3B5A664617E0}.Debug|ARM.ActiveCfg = Debug|Win32
		{C1FF4B3E-5ECD-4C8D-AD92-3B5A664617E0}.Debug|Itanium.ActiveCfg = Debug|Win32
		{C1FF4B3E-5ECD-4C8D-AD92-3B5A664617E0}.Debug|Win32.ActiveCfg = Debug|Win32
		{C1FF4B3E-5ECD-4C8D-AD92-3B5A664617E0}.Debug|Win32.Build.0 = Debug|Win32
		{C1FF4B3E-5ECD-4C8D-AD92-3B5A664617E0}.Debug|x64.ActiveCfg = Debug|Win32
		{C1FF4B3E-5ECD-4C8D-AD92-3B5A664617E0}.DebugDLL|Any CPU.ActiveCfg = Debug|Win32
		{C1FF4B3E-5ECD-4C8D-AD92-3B5A664617E0}.DebugDLL|Any CPU.Build.0 = Debug|Win32
		{C1FF4B3E-5ECD-4C8D-AD92-3B5A664617E0}.DebugDLL|ARM.ActiveCfg = Debug|Win32
		{C1FF4B3E-5ECD-4C8D-AD92-3B5A664617E0}.DebugDLL|ARM.Build.0 = Debug|Win32
		{C1FF4B3E-5ECD-4C8D-AD92-3B5A664617E0}.DebugDLL|Itanium.ActiveCfg = Debug|Win32
		{C1FF4B3E-5ECD-4C8D-AD92-3B5A664617E0}.DebugDLL|Itanium.Build.0 = Debug|Win32
		{C1FF4B3E-5ECD-4C8D-AD92-3B5A664617E0}.DebugDLL|Win32.ActiveCfg = Debug|Win32
		{C1FF4B3E-5ECD-4C8D-AD92-3B5A664617E0}.DebugDLL|Win32.Build.0 = Debug|Win32
		{C1FF4B3E-5ECD-4C8D-AD92-3B5A664617E0}.DebugDLL|x64.ActiveCfg = Debug|Win32
		{C1FF4B3E-5ECD-4C8D-AD92-3B5A664617E0}.DebugDLL|x64.Build.0 = Debug|Win32
		{C1FF4B3E-5ECD-4C8D-AD92-3B5A664617E0}.Release  NMAKE|Any CPU.ActiveCfg = Debug|Win32
		{C1FF4B3E-5ECD-4C8D-AD92-3B5A664617E0}.Release  NMAKE|Any CPU.Build.0 = Debug|Win32
		{C1FF4B3E-5ECD-4C8D-AD92-3B5A664617E0}.Release  NMAKE|ARM.ActiveCfg = Debug|Win32
		{C1FF4B3E-5ECD-4C8D-AD92-3B5A664617E0}.Release  NMAKE|ARM.Build.0 = Debug|Win32
		{C1FF4B3E-5ECD-4C8D-AD92-3B5A664617E0}.Release  NMAKE|Itanium.ActiveCfg = Release|Win32
		{C1FF4B3E-5ECD-4C8D-AD92-3B5A664617E0}.Release  NMAKE|Itanium.Build.0 = Release|Win32
		{C1FF4B3E-5ECD-4C8D-AD92-3B5A664617E0}.Release  NMAKE|Win32.ActiveCfg = Release|Win32
		{C1FF4B3E-5ECD-4C8D-AD92-3B5A664617E0}.Release  NMAKE|Win32.Build.0 = Release|Win32
		{C1FF4B3E-5ECD-4C8D-AD92-3B5A664617E0}.Release  NMAKE|x64.ActiveCfg = Release|Win32
		{C1FF4B3E-5ECD-4C8D-AD92-3B5A664617E0}.Release  NMAKE|x64.Build.0 = Release|Win32
		{C1FF4B3E-5ECD-4C8D-AD92-3B5A664617E0}.Release|Any CPU.ActiveCfg = Release|Win32
		{C1FF4B3E-5ECD-4C8D-AD92-3B5A664617E0}.Release|ARM.ActiveCfg = Release|Win32
		{C1FF4B3E-5ECD-4C8D-AD92-3B5A664617E0}.Release|Itanium.ActiveCfg = Release|Win32
		{C1FF4B3E-5ECD-4C8D-AD92-3B5A664617E0}.Release|Win32.ActiveCfg = Release|Win32
		{C1FF4B3E-5ECD-4C8D-AD92-3B5A664617E0}.Release|Win32.Build.0 = Release|Win32
		{C1FF4B3E-5ECD-4C8D-AD92-3B5A664617E0}.Release|x64.ActiveCfg = Release|Win32
		{C1FF4B3E-5ECD-4C8D-AD92-3B5A664617E0}.ReleaseDLL|Any CPU.ActiveCfg = Debug|Win32
		{C1FF4B3E-5ECD-4C8D-AD92-3B5A664617E0}.ReleaseDLL|Any CPU.Build.0 = Debug|Win32
		{C1FF4B3E-5ECD-4C8D-AD92-3B5A664617E0}.ReleaseDLL|ARM.ActiveCfg = Debug|Win32
		{C1FF4B3E-5ECD-4C8D-AD92-3B5A664617E0}.ReleaseDLL|ARM.Build.0 = Debug|Win32
		{C1FF4B3E-5ECD-4C8D-AD92-3B5A664617E0}.ReleaseDLL|Itanium.ActiveCfg = Debug|Win32
		{C1FF4B3E-5ECD-4C8D-AD92-3B5A664617E0}.ReleaseDLL|Itanium.Build.0 = Debug|Win32
		{C1FF4B3E-5ECD-4C8D-AD92-3B5A664617E0}.ReleaseDLL|Win32.ActiveCfg = Release|Win32
		{C1FF4B3E-5ECD-4C8D-AD92-3B5A664617E0}.ReleaseDLL|Win32.Build.0 = Release|Win32
		{C1FF4B3E-5ECD-4C8D-AD92-3B5A664617E0}.ReleaseDLL|x64.ActiveCfg = Debug|Win32
		{C1FF4B3E-5ECD-4C8D-AD92-3B5A664617E0}.ReleaseDLL|x64.Build.0 = Debug|Win32
		{C1FF4B3E-5ECD-4C8D-AD92-3B5A664617E0}.ReleaseWithoutAsm|Any CPU.ActiveCfg = Debug|Win32
		{C1FF4B3E-5ECD-4C8D-AD92-3B5A664617E0}.ReleaseWithoutAsm|Any CPU.Build.0 = Debug|Win32
		{C1FF4B3E-5ECD-4C8D-AD92-3B5A664617E0}.ReleaseWithoutAsm|ARM.ActiveCfg = Debug|Win32
		{C1FF4B3E-5ECD-4C8D-AD92-3B5A664617E0}.ReleaseWithoutAsm|ARM.Build.0 = Debug|Win32
		{C1FF4B3E-5ECD-4C8D-AD92-3B5A664617E0}.ReleaseWithoutAsm|Itanium.ActiveCfg = Release|Win32
		{C1FF4B3E-5ECD-4C8D-AD92-3B5A664617E0}.ReleaseWithoutAsm|Itanium.Build.0 = Release|Win32
		{C1FF4B3E-5ECD-4C8D-AD92-3B5A664617E0}.ReleaseWithoutAsm|Win32.ActiveCfg = Release|Win32
		{C1FF4B3E-5ECD-4C8D-AD92-3B5A664617E0}.ReleaseWithoutAsm|Win32.Build.0 = Release|Win32
		{C1FF4B3E-5ECD-4C8D-AD92-3B5A664617E0}.ReleaseWithoutAsm|x64.ActiveCfg = Release|Win32
		{C1FF4B3E-5ECD-4C8D-AD92-3B5A664617E0}.ReleaseWithoutAsm|x64.Build.0 = Release|Win32
		{745DEC58-EBB3-47A9-A9B8-4C6627C01BF8}.Debug NMAKE|Any CPU.ActiveCfg = Release|x64
		{745DEC58-EBB3-47A9-A9B8-4C6627C01BF8}.Debug NMAKE|Any CPU.Build.0 = Release|x64
		{745DEC58-EBB3-47A9-A9B8-4C6627C01BF8}.Debug NMAKE|ARM.ActiveCfg = Release|x64
		{745DEC58-EBB3-47A9-A9B8-4C6627C01BF8}.Debug NMAKE|ARM.Build.0 = Release|x64
		{745DEC58-EBB3-47A9-A9B8-4C6627C01BF8}.Debug NMAKE|Itanium.ActiveCfg = Debug|Itanium
		{745DEC58-EBB3-47A9-A9B8-4C6627C01BF8}.Debug NMAKE|Itanium.Build.0 = Debug|Itanium
		{745DEC58-EBB3-47A9-A9B8-4C6627C01BF8}.Debug NMAKE|Win32.ActiveCfg = Debug|Win32
		{745DEC58-EBB3-47A9-A9B8-4C6627C01BF8}.Debug NMAKE|Win32.Build.0 = Debug|Win32
		{745DEC58-EBB3-47A9-A9B8-4C6627C01BF8}.Debug NMAKE|x64.ActiveCfg = Debug|x64
		{745DEC58-EBB3-47A9-A9B8-4C6627C01BF8}.Debug NMAKE|x64.Build.0 = Debug|x64
		{745DEC58-EBB3-47A9-A9B8-4C6627C01BF8}.Debug|Any CPU.ActiveCfg = Debug|Win32
		{745DEC58-EBB3-47A9-A9B8-4C6627C01BF8}.Debug|ARM.ActiveCfg = Debug|Win32
		{745DEC58-EBB3-47A9-A9B8-4C6627C01BF8}.Debug|Itanium.ActiveCfg = Debug|Itanium
		{745DEC58-EBB3-47A9-A9B8-4C6627C01BF8}.Debug|Itanium.Build.0 = Debug|Itanium
		{745DEC58-EBB3-47A9-A9B8-4C6627C01BF8}.Debug|Win32.ActiveCfg = Debug|Win32
		{745DEC58-EBB3-47A9-A9B8-4C6627C01BF8}.Debug|Win32.Build.0 = Debug|Win32
		{745DEC58-EBB3-47A9-A9B8-4C6627C01BF8}.Debug|x64.ActiveCfg = Debug|x64
		{745DEC58-EBB3-47A9-A9B8-4C6627C01BF8}.Debug|x64.Build.0 = Debug|x64
		{745DEC58-EBB3-47A9-A9B8-4C6627C01BF8}.DebugDLL|Any CPU.ActiveCfg = Release|x64
		{745DEC58-EBB3-47A9-A9B8-4C6627C01BF8}.DebugDLL|Any CPU.Build.0 = Release|x64
		{745DEC58-EBB3-47A9-A9B8-4C6627C01BF8}.DebugDLL|ARM.ActiveCfg = Release|x64
		{745DEC58-EBB3-47A9-A9B8-4C6627C01BF8}.DebugDLL|ARM.Build.0 = Release|x64
		{745DEC58-EBB3-47A9-A9B8-4C6627C01BF8}.DebugDLL|Itanium.ActiveCfg = Debug|Itanium
		{745DEC58-EBB3-47A9-A9B8-4C6627C01BF8}.DebugDLL|Itanium.Build.0 = Debug|Itanium
		{745DEC58-EBB3-47A9-A9B8-4C6627C01BF8}.DebugDLL|Win32.ActiveCfg = Debug|Win32
		{745DEC58-EBB3-47A9-A9B8-4C6627C01BF8}.DebugDLL|Win32.Build.0 = Debug|Win32
		{745DEC58-EBB3-47A9-A9B8-4C6627C01BF8}.DebugDLL|x64.ActiveCfg = Debug|x64
		{745DEC58-EBB3-47A9-A9B8-4C6627C01BF8}.DebugDLL|x64.Build.0 = Debug|x64
		{745DEC58-EBB3-47A9-A9B8-4C6627C01BF8}.Release  NMAKE|Any CPU.ActiveCfg = Release|x64
		{745DEC58-EBB3-47A9-A9B8-4C6627C01BF8}.Release  NMAKE|Any CPU.Build.0 = Release|x64
		{745DEC58-EBB3-47A9-A9B8-4C6627C01BF8}.Release  NMAKE|ARM.ActiveCfg = Release|x64
		{745DEC58-EBB3-47A9-A9B8-4C6627C01BF8}.Release  NMAKE|ARM.Build.0 = Release|x64
		{745DEC58-EBB3-47A9-A9B8-4C6627C01BF8}.Release  NMAKE|Itanium.ActiveCfg = ReleaseWithoutAsm|Itanium
		{745DEC58-EBB3-47A9-A9B8-4C6627C01BF8}.Release  NMAKE|Itanium.Build.0 = ReleaseWithoutAsm|Itanium
		{745DEC58-EBB3-47A9-A9B8-4C6627C01BF8}.Release  NMAKE|Win32.ActiveCfg = ReleaseWithoutAsm|Win32
		{745DEC58-EBB3-47A9-A9B8-4C6627C01BF8}.Release  NMAKE|Win32.Build.0 = ReleaseWithoutAsm|Win32
		{745DEC58-EBB3-47A9-A9B8-4C6627C01BF8}.Release  NMAKE|x64.ActiveCfg = ReleaseWithoutAsm|x64
		{745DEC58-EBB3-47A9-A9B8-4C6627C01BF8}.Release  NMAKE|x64.Build.0 = ReleaseWithoutAsm|x64
		{745DEC58-EBB3-47A9-A9B8-4C6627C01BF8}.Release|Any CPU.ActiveCfg = Release|Win32
		{745DEC58-EBB3-47A9-A9B8-4C6627C01BF8}.Release|ARM.ActiveCfg = Release|Win32
		{745DEC58-EBB3-47A9-A9B8-4C6627C01BF8}.Release|Itanium.ActiveCfg = Release|Itanium
		{745DEC58-EBB3-47A9-A9B8-4C6627C01BF8}.Release|Itanium.Build.0 = Release|Itanium
		{745DEC58-EBB3-47A9-A9B8-4C6627C01BF8}.Release|Win32.ActiveCfg = Release|Win32
		{745DEC58-EBB3-47A9-A9B8-4C6627C01BF8}.Release|Win32.Build.0 = Release|Win32
		{745DEC58-EBB3-47A9-A9B8-4C6627C01BF8}.Release|x64.ActiveCfg = Release|x64
		{745DEC58-EBB3-47A9-A9B8-4C6627C01BF8}.Release|x64.Build.0 = Release|x64
		{745DEC58-EBB3-47A9-A9B8-4C6627C01BF8}.ReleaseDLL|Any CPU.ActiveCfg = Release|x64
		{745DEC58-EBB3-47A9-A9B8-4C6627C01BF8}.ReleaseDLL|Any CPU.Build.0 = Release|x64
		{745DEC58-EBB3-47A9-A9B8-4C6627C01BF8}.ReleaseDLL|ARM.ActiveCfg = Release|x64
		{745DEC58-EBB3-47A9-A9B8-4C6627C01BF8}.ReleaseDLL|ARM.Build.0 = Release|x64
		{745DEC58-EBB3-47A9-A9B8-4C6627C01BF8}.ReleaseDLL|Itanium.ActiveCfg = Release|Itanium
		{745DEC58-EBB3-47A9-A9B8-4C6627C01BF8}.ReleaseDLL|Itanium.Build.0 = Release|Itanium
		{745DEC58-EBB3-47A9-A9B8-4C6627C01BF8}.ReleaseDLL|Win32.ActiveCfg = Release|Win32
		{745DEC58-EBB3-47A9-A9B8-4C6627C01BF8}.ReleaseDLL|Win32.Build.0 = Release|Win32
		{745DEC58-EBB3-47A9-A9B8-4C6627C01BF8}.ReleaseDLL|x64.ActiveCfg = Release|x64
		{745DEC58-EBB3-47A9-A9B8-4C6627C01BF8}.ReleaseDLL|x64.Build.0 = Release|x64
		{745DEC58-EBB3-47A9-A9B8-4C6627C01BF8}.ReleaseWithoutAsm|Any CPU.ActiveCfg = ReleaseWithoutAsm|Win32
		{745DEC58-EBB3-47A9-A9B8-4C6627C01BF8}.ReleaseWithoutAsm|ARM.ActiveCfg = ReleaseWithoutAsm|Win32
		{745DEC58-EBB3-47A9-A9B8-4C6627C01BF8}.ReleaseWithoutAsm|Itanium.ActiveCfg = ReleaseWithoutAsm|Itanium
		{745DEC58-EBB3-47A9-A9B8-4C6627C01BF8}.ReleaseWithoutAsm|Itanium.Build.0 = ReleaseWithoutAsm|Itanium
		{745DEC58-EBB3-47A9-A9B8-4C6627C01BF8}.ReleaseWithoutAsm|Win32.ActiveCfg = ReleaseWithoutAsm|Win32
		{745DEC58-EBB3-47A9-A9B8-4C6627C01BF8}.ReleaseWithoutAsm|Win32.Build.0 = ReleaseWithoutAsm|Win32
		{745DEC58-EBB3-47A9-A9B8-4C6627C01BF8}.ReleaseWithoutAsm|x64.ActiveCfg = ReleaseWithoutAsm|x64
		{745DEC58-EBB3-47A9-A9B8-4C6627C01BF8}.ReleaseWithoutAsm|x64.Build.0 = ReleaseWithoutAsm|x64
		{A8AC551A-4B9D-436F-A950-F3493F97B059}.Debug NMAKE|Any CPU.ActiveCfg = Debug NMAKE|Win32
		{A8AC551A-4B9D-436F-A950-F3493F97B059}.Debug NMAKE|ARM.ActiveCfg = Debug NMAKE|Win32
		{A8AC551A-4B9D-436F-A950-F3493F97B059}.Debug NMAKE|Itanium.ActiveCfg = Debug NMAKE|Win32
		{A8AC551A-4B9D-436F-A950-F3493F97B059}.Debug NMAKE|Win32.ActiveCfg = Debug NMAKE|Win32
		{A8AC551A-4B9D-436F-A950-F3493F97B059}.Debug NMAKE|Win32.Build.0 = Debug NMAKE|Win32
		{A8AC551A-4B9D-436F-A950-F3493F97B059}.Debug NMAKE|x64.ActiveCfg = Debug NMAKE|Win32
		{A8AC551A-4B9D-436F-A950-F3493F97B059}.Debug|Any CPU.ActiveCfg = Debug|Win32
		{A8AC551A-4B9D-436F-A950-F3493F97B059}.Debug|ARM.ActiveCfg = Debug|Win32
		{A8AC551A-4B9D-436F-A950-F3493F97B059}.Debug|Itanium.ActiveCfg = Debug|Win32
		{A8AC551A-4B9D-436F-A950-F3493F97B059}.Debug|Win32.ActiveCfg = Debug|Win32
		{A8AC551A-4B9D-436F-A950-F3493F97B059}.Debug|Win32.Build.0 = Debug|Win32
		{A8AC551A-4B9D-436F-A950-F3493F97B059}.Debug|x64.ActiveCfg = Debug|Win32
		{A8AC551A-4B9D-436F-A950-F3493F97B059}.DebugDLL|Any CPU.ActiveCfg = Release  NMAKE|Win32
		{A8AC551A-4B9D-436F-A950-F3493F97B059}.DebugDLL|Any CPU.Build.0 = Release  NMAKE|Win32
		{A8AC551A-4B9D-436F-A950-F3493F97B059}.DebugDLL|ARM.ActiveCfg = Release  NMAKE|Win32
		{A8AC551A-4B9D-436F-A950-F3493F97B059}.DebugDLL|ARM.Build.0 = Release  NMAKE|Win32
		{A8AC551A-4B9D-436F-A950-F3493F97B059}.DebugDLL|Itanium.ActiveCfg = Release|Win32
		{A8AC551A-4B9D-436F-A950-F3493F97B059}.DebugDLL|Itanium.Build.0 = Release|Win32
		{A8AC551A-4B9D-436F-A950-F3493F97B059}.DebugDLL|Win32.ActiveCfg = Debug|Win32
		{A8AC551A-4B9D-436F-A950-F3493F97B059}.DebugDLL|Win32.Build.0 = Debug|Win32
		{A8AC551A-4B9D-436F-A950-F3493F97B059}.DebugDLL|x64.ActiveCfg = Release|Win32
		{A8AC551A-4B9D-436F-A950-F3493F97B059}.DebugDLL|x64.Build.0 = Release|Win32
		{A8AC551A-4B9D-436F-A950-F3493F97B059}.Release  NMAKE|Any CPU.ActiveCfg = Release  NMAKE|Win32
		{A8AC551A-4B9D-436F-A950-F3493F97B059}.Release  NMAKE|ARM.ActiveCfg = Release  NMAKE|Win32
		{A8AC551A-4B9D-436F-A950-F3493F97B059}.Release  NMAKE|Itanium.ActiveCfg = Release  NMAKE|Win32
		{A8AC551A-4B9D-436F-A950-F3493F97B059}.Release  NMAKE|Win32.ActiveCfg = Release  NMAKE|Win32
		{A8AC551A-4B9D-436F-A950-F3493F97B059}.Release  NMAKE|Win32.Build.0 = Release  NMAKE|Win32
		{A8AC551A-4B9D-436F-A950-F3493F97B059}.Release  NMAKE|x64.ActiveCfg = Release  NMAKE|Win32
		{A8AC551A-4B9D-436F-A950-F3493F97B059}.Release|Any CPU.ActiveCfg = Release|Win32
		{A8AC551A-4B9D-436F-A950-F3493F97B059}.Release|ARM.ActiveCfg = Release|Win32
		{A8AC551A-4B9D-436F-A950-F3493F97B059}.Release|Itanium.ActiveCfg = Release|Win32
		{A8AC551A-4B9D-436F-A950-F3493F97B059}.Release|Win32.ActiveCfg = Release|Win32
		{A8AC551A-4B9D-436F-A950-F3493F97B059}.Release|Win32.Build.0 = Release|Win32
		{A8AC551A-4B9D-436F-A950-F3493F97B059}.Release|x64.ActiveCfg = Release|Win32
		{A8AC551A-4B9D-436F-A950-F3493F97B059}.ReleaseDLL|Any CPU.ActiveCfg = Release  NMAKE|Win32
		{A8AC551A-4B9D-436F-A950-F3493F97B059}.ReleaseDLL|Any CPU.Build.0 = Release  NMAKE|Win32
		{A8AC551A-4B9D-436F-A950-F3493F97B059}.ReleaseDLL|ARM.ActiveCfg = Release  NMAKE|Win32
		{A8AC551A-4B9D-436F-A950-F3493F97B059}.ReleaseDLL|ARM.Build.0 = Release  NMAKE|Win32
		{A8AC551A-4B9D-436F-A950-F3493F97B059}.ReleaseDLL|Itanium.ActiveCfg = Release|Win32
		{A8AC551A-4B9D-436F-A950-F3493F97B059}.ReleaseDLL|Itanium.Build.0 = Release|Win32
		{A8AC551A-4B9D-436F-A950-F3493F97B059}.ReleaseDLL|Win32.ActiveCfg = Release|Win32
		{A8AC551A-4B9D-436F-A950-F3493F97B059}.ReleaseDLL|Win32.Build.0 = Release|Win32
		{A8AC551A-4B9D-436F-A950-F3493F97B059}.ReleaseDLL|x64.ActiveCfg = Release|Win32
		{A8AC551A-4B9D-436F-A950-F3493F97B059}.ReleaseDLL|x64.Build.0 = Release|Win32
		{A8AC551A-4B9D-436F-A950-F3493F97B059}.ReleaseWithoutAsm|Any CPU.ActiveCfg = Release  NMAKE|Win32
		{A8AC551A-4B9D-436F-A950-F3493F97B059}.ReleaseWithoutAsm|Any CPU.Build.0 = Release  NMAKE|Win32
		{A8AC551A-4B9D-436F-A950-F3493F97B059}.ReleaseWithoutAsm|ARM.ActiveCfg = Release  NMAKE|Win32
		{A8AC551A-4B9D-436F-A950-F3493F97B059}.ReleaseWithoutAsm|ARM.Build.0 = Release  NMAKE|Win32
		{A8AC551A-4B9D-436F-A950-F3493F97B059}.ReleaseWithoutAsm|Itanium.ActiveCfg = Release|Win32
		{A8AC551A-4B9D-436F-A950-F3493F97B059}.ReleaseWithoutAsm|Itanium.Build.0 = Release|Win32
		{A8AC551A-4B9D-436F-A950-F3493F97B059}.ReleaseWithoutAsm|Win32.ActiveCfg = Release|Win32
		{A8AC551A-4B9D-436F-A950-F3493F97B059}.ReleaseWithoutAsm|Win32.Build.0 = Release|Win32
		{A8AC551A-4B9D-436F-A950-F3493F97B059}.ReleaseWithoutAsm|x64.ActiveCfg = Release|Win32
		{A8AC551A-4B9D-436F-A950-F3493F97B059}.ReleaseWithoutAsm|x64.Build.0 = Release|Win32
		{83607859-088E-49A5-8975-ABD67AA38B23}.Debug NMAKE|Any CPU.ActiveCfg = Release|x64
		{83607859-088E-49A5-8975-ABD67AA38B23}.Debug NMAKE|Any CPU.Build.0 = Release|x64
		{83607859-088E-49A5-8975-ABD67AA38B23}.Debug NMAKE|ARM.ActiveCfg = Debug|ARM
		{83607859-088E-49A5-8975-ABD67AA38B23}.Debug NMAKE|ARM.Build.0 = Debug|ARM
		{83607859-088E-49A5-8975-ABD67AA38B23}.Debug NMAKE|Itanium.ActiveCfg = Release|x64
		{83607859-088E-49A5-8975-ABD67AA38B23}.Debug NMAKE|Itanium.Build.0 = Release|x64
		{83607859-088E-49A5-8975-ABD67AA38B23}.Debug NMAKE|Win32.ActiveCfg = Debug|Win32
		{83607859-088E-49A5-8975-ABD67AA38B23}.Debug NMAKE|Win32.Build.0 = Debug|Win32
		{83607859-088E-49A5-8975-ABD67AA38B23}.Debug NMAKE|x64.ActiveCfg = Debug|x64
		{83607859-088E-49A5-8975-ABD67AA38B23}.Debug NMAKE|x64.Build.0 = Debug|x64
		{83607859-088E-49A5-8975-ABD67AA38B23}.Debug|Any CPU.ActiveCfg = Debug|Win32
		{83607859-088E-49A5-8975-ABD67AA38B23}.Debug|ARM.ActiveCfg = Debug|ARM
		{83607859-088E-49A5-8975-ABD67AA38B23}.Debug|ARM.Build.0 = Debug|ARM
		{83607859-088E-49A5-8975-ABD67AA38B23}.Debug|Itanium.ActiveCfg = Debug|Win32
		{83607859-088E-49A5-8975-ABD67AA38B23}.Debug|Win32.ActiveCfg = Debug|Win32
		{83607859-088E-49A5-8975-ABD67AA38B23}.Debug|Win32.Build.0 = Debug|Win32
		{83607859-088E-49A5-8975-ABD67AA38B23}.Debug|x64.ActiveCfg = Debug|x64
		{83607859-088E-49A5-8975-ABD67AA38B23}.Debug|x64.Build.0 = Debug|x64
		{83607859-088E-49A5-8975-ABD67AA38B23}.DebugDLL|Any CPU.ActiveCfg = Release|x64
		{83607859-088E-49A5-8975-ABD67AA38B23}.DebugDLL|Any CPU.Build.0 = Release|x64
		{83607859-088E-49A5-8975-ABD67AA38B23}.DebugDLL|ARM.ActiveCfg = Debug|ARM
		{83607859-088E-49A5-8975-ABD67AA38B23}.DebugDLL|ARM.Build.0 = Debug|ARM
		{83607859-088E-49A5-8975-ABD67AA38B23}.DebugDLL|Itanium.ActiveCfg = Release|x64
		{83607859-088E-49A5-8975-ABD67AA38B23}.DebugDLL|Itanium.Build.0 = Release|x64
		{83607859-088E-49A5-8975-ABD67AA38B23}.DebugDLL|Win32.ActiveCfg = Debug|Win32
		{83607859-088E-49A5-8975-ABD67AA38B23}.DebugDLL|Win32.Build.0 = Debug|Win32
		{83607859-088E-49A5-8975-ABD67AA38B23}.DebugDLL|x64.ActiveCfg = Debug|x64
		{83607859-088E-49A5-8975-ABD67AA38B23}.DebugDLL|x64.Build.0 = Debug|x64
		{83607859-088E-49A5-8975-ABD67AA38B23}.Release  NMAKE|Any CPU.ActiveCfg = Release|x64
		{83607859-088E-49A5-8975-ABD67AA38B23}.Release  NMAKE|Any CPU.Build.0 = Release|x64
		{83607859-088E-49A5-8975-ABD67AA38B23}.Release  NMAKE|ARM.ActiveCfg = Release|ARM
		{83607859-088E-49A5-8975-ABD67AA38B23}.Release  NMAKE|ARM.Build.0 = Release|ARM
		{83607859-088E-49A5-8975-ABD67AA38B23}.Release  NMAKE|Itanium.ActiveCfg = Release|x64
		{83607859-088E-49A5-8975-ABD67AA38B23}.Release  NMAKE|Itanium.Build.0 = Release|x64
		{83607859-088E-49A5-8975-ABD67AA38B23}.Release  NMAKE|Win32.ActiveCfg = Release|Win32
		{83607859-088E-49A5-8975-ABD67AA38B23}.Release  NMAKE|Win32.Build.0 = Release|Win32
		{83607859-088E-49A5-8975-ABD67AA38B23}.Release  NMAKE|x64.ActiveCfg = Release|x64
		{83607859-088E-49A5-8975-ABD67AA38B23}.Release  NMAKE|x64.Build.0 = Release|x64
		{83607859-088E-49A5-8975-ABD67AA38B23}.Release|Any CPU.ActiveCfg = Release|Win32
		{83607859-088E-49A5-8975-ABD67AA38B23}.Release|ARM.ActiveCfg = Release|ARM
		{83607859-088E-49A5-8975-ABD67AA38B23}.Release|ARM.Build.0 = Release|ARM
		{83607859-088E-49A5-8975-ABD67AA38B23}.Release|Itanium.ActiveCfg = Release|Win32
		{83607859-088E-49A5-8975-ABD67AA38B23}.Release|Win32.ActiveCfg = Release|Win32
		{83607859-088E-49A5-8975-ABD67AA38B23}.Release|Win32.Build.0 = Release|Win32
		{83607859-088E-49A5-8975-ABD67AA38B23}.Release|x64.ActiveCfg = Release|x64
		{83607859-088E-49A5-8975-ABD67AA38B23}.Release|x64.Build.0 = Release|x64
		{83607859-088E-49A5-8975-ABD67AA38B23}.ReleaseDLL|Any CPU.ActiveCfg = Release|x64
		{83607859-088E-49A5-8975-ABD67AA38B23}.ReleaseDLL|Any CPU.Build.0 = Release|x64
		{83607859-088E-49A5-8975-ABD67AA38B23}.ReleaseDLL|ARM.ActiveCfg = Release|ARM
		{83607859-088E-49A5-8975-ABD67AA38B23}.ReleaseDLL|ARM.Build.0 = Release|ARM
		{83607859-088E-49A5-8975-ABD67AA38B23}.ReleaseDLL|Itanium.ActiveCfg = Release|x64
		{83607859-088E-49A5-8975-ABD67AA38B23}.ReleaseDLL|Itanium.Build.0 = Release|x64
		{83607859-088E-49A5-8975-ABD67AA38B23}.ReleaseDLL|Win32.ActiveCfg = Release|Win32
		{83607859-088E-49A5-8975-ABD67AA38B23}.ReleaseDLL|Win32.Build.0 = Release|Win32
		{83607859-088E-49A5-8975-ABD67AA38B23}.ReleaseDLL|x64.ActiveCfg = Release|x64
		{83607859-088E-49A5-8975-ABD67AA38B23}.ReleaseDLL|x64.Build.0 = Release|x64
		{83607859-088E-49A5-8975-ABD67AA38B23}.ReleaseWithoutAsm|Any CPU.ActiveCfg = Release|x64
		{83607859-088E-49A5-8975-ABD67AA38B23}.ReleaseWithoutAsm|Any CPU.Build.0 = Release|x64
		{83607859-088E-49A5-8975-ABD67AA38B23}.ReleaseWithoutAsm|ARM.ActiveCfg = Release|ARM
		{83607859-088E-49A5-8975-ABD67AA38B23}.ReleaseWithoutAsm|ARM.Build.0 = Release|ARM
		{83607859-088E-49A5-8975-ABD67AA38B23}.ReleaseWithoutAsm|Itanium.ActiveCfg = Release|x64
		{83607859-088E-49A5-8975-ABD67AA38B23}.ReleaseWithoutAsm|Itanium.Build.0 = Release|x64
		{83607859-088E-49A5-8975-ABD67AA38B23}.ReleaseWithoutAsm|Win32.ActiveCfg = Release|Win32
		{83607859-088E-49A5-8975-ABD67AA38B23}.ReleaseWithoutAsm|Win32.Build.0 = Release|Win32
		{83607859-088E-49A5-8975-ABD67AA38B23}.ReleaseWithoutAsm|x64.ActiveCfg = Release|x64
		{83607859-088E-49A5-8975-ABD67AA38B23}.ReleaseWithoutAsm|x64.Build.0 = Release|x64
	EndGlobalSection
	GlobalSection(SolutionProperties) = preSolution
		HideSolutionNode = FALSE
	EndGlobalSection
	GlobalSection(NestedProjects) = preSolution
		{745DEC58-EBB3-47A9-A9B8-4C6627C01BF8} = {1CC6AA49-1C0F-41E6-BA89-7D64FC6E1A4E}
		{A8AC551A-4B9D-436F-A950-F3493F97B059} = {1CC6AA49-1C0F-41E6-BA89-7D64FC6E1A4E}
	EndGlobalSection
	GlobalSection(TestCaseManagementSettings) = postSolution
		CategoryFile = PDF++\PDF++.vsmdi
	EndGlobalSection
EndGlobal
